// !$*UTF8*$!
{
	archiveVersion = 1;
	classes = {
	};
	objectVersion = 46;
	objects = {

/* Begin PBXBuildFile section */
		33BE91EAF0A94AB73B65E9D1 /* libPods-Photo.a in Frameworks */ = {isa = PBXBuildFile; fileRef = CD7508C1BC4827C026564603 /* libPods-Photo.a */; };
		A514B0F21F2901A1006A765F /* LeadViewController.m in Sources */ = {isa = PBXBuildFile; fileRef = A514B0F11F2901A1006A765F /* LeadViewController.m */; };
		A514B1041F2903D3006A765F /* TabbarViewController.m in Sources */ = {isa = PBXBuildFile; fileRef = A514B1031F2903D3006A765F /* TabbarViewController.m */; };
		A514B10E1F290533006A765F /* FitManage.m in Sources */ = {isa = PBXBuildFile; fileRef = A514B1071F290533006A765F /* FitManage.m */; };
		A514B10F1F290533006A765F /* NSString+Category.m in Sources */ = {isa = PBXBuildFile; fileRef = A514B1091F290533006A765F /* NSString+Category.m */; };
		A514B1101F290533006A765F /* SvUDIDTools.m in Sources */ = {isa = PBXBuildFile; fileRef = A514B10B1F290533006A765F /* SvUDIDTools.m */; };
		A514B1111F290533006A765F /* UIColor+EX.m in Sources */ = {isa = PBXBuildFile; fileRef = A514B10D1F290533006A765F /* UIColor+EX.m */; };
		F40430831F29790A00DDB2E7 /* main_my_bg.jpeg in Resources */ = {isa = PBXBuildFile; fileRef = F40430821F29790A00DDB2E7 /* main_my_bg.jpeg */; };
		F40430861F29869D00DDB2E7 /* AddAddressViewController.m in Sources */ = {isa = PBXBuildFile; fileRef = F40430851F29869D00DDB2E7 /* AddAddressViewController.m */; };
		F40430891F29BC4300DDB2E7 /* PhoneNumberViewController.m in Sources */ = {isa = PBXBuildFile; fileRef = F40430881F29BC4300DDB2E7 /* PhoneNumberViewController.m */; };
		F404308C1F29C52F00DDB2E7 /* NickNameViewController.m in Sources */ = {isa = PBXBuildFile; fileRef = F404308B1F29C52F00DDB2E7 /* NickNameViewController.m */; };
		F404308F1F29C6C800DDB2E7 /* UserNameViewController.m in Sources */ = {isa = PBXBuildFile; fileRef = F404308E1F29C6C800DDB2E7 /* UserNameViewController.m */; };
		F40430951F29D0FD00DDB2E7 /* LoginViewController.m in Sources */ = {isa = PBXBuildFile; fileRef = F40430941F29D0FD00DDB2E7 /* LoginViewController.m */; };
		F48185211F25D9E200349143 /* OrderManageViewController.m in Sources */ = {isa = PBXBuildFile; fileRef = F48185201F25D9E200349143 /* OrderManageViewController.m */; };
		F48185241F25E25800349143 /* CustomActionSheet.m in Sources */ = {isa = PBXBuildFile; fileRef = F48185231F25E25800349143 /* CustomActionSheet.m */; };
		F481E90C1F282D1E00EE3D7C /* personal_address_selected.png in Resources */ = {isa = PBXBuildFile; fileRef = F481E90A1F282D1E00EE3D7C /* personal_address_selected.png */; };
		F481E90D1F282D1E00EE3D7C /* personal_address_unselect.png in Resources */ = {isa = PBXBuildFile; fileRef = F481E90B1F282D1E00EE3D7C /* personal_address_unselect.png */; };
		F481E9101F283A5F00EE3D7C /* shopping_select.png in Resources */ = {isa = PBXBuildFile; fileRef = F481E90F1F283A5F00EE3D7C /* shopping_select.png */; };
		F481E9121F283B0400EE3D7C /* shopping_selected.png in Resources */ = {isa = PBXBuildFile; fileRef = F481E9111F283B0400EE3D7C /* shopping_selected.png */; };
		F481E9141F283DD600EE3D7C /* shopping_delete.png in Resources */ = {isa = PBXBuildFile; fileRef = F481E9131F283DD600EE3D7C /* shopping_delete.png */; };
		F481E9581F28551C00EE3D7C /* BaseViewController.m in Sources */ = {isa = PBXBuildFile; fileRef = F481E9571F28551C00EE3D7C /* BaseViewController.m */; };
		F481E95B1F28581600EE3D7C /* DatePickerView.m in Sources */ = {isa = PBXBuildFile; fileRef = F481E95A1F28581600EE3D7C /* DatePickerView.m */; };
		F481E95E1F2865C900EE3D7C /* SexPickerView.m in Sources */ = {isa = PBXBuildFile; fileRef = F481E95D1F2865C900EE3D7C /* SexPickerView.m */; };
		F48237281F2605A200DDD487 /* AddressViewController.m in Sources */ = {isa = PBXBuildFile; fileRef = F48237271F2605A200DDD487 /* AddressViewController.m */; };
		F482372B1F2606BC00DDD487 /* AddressTableViewCell.m in Sources */ = {isa = PBXBuildFile; fileRef = F482372A1F2606BC00DDD487 /* AddressTableViewCell.m */; };
		F482372E1F26CC4D00DDD487 /* personal_address_delete.png in Resources */ = {isa = PBXBuildFile; fileRef = F482372C1F26CC4D00DDD487 /* personal_address_delete.png */; };
		F482372F1F26CC4D00DDD487 /* personal_address_edit.png in Resources */ = {isa = PBXBuildFile; fileRef = F482372D1F26CC4D00DDD487 /* personal_address_edit.png */; };
		F48237321F26D60B00DDD487 /* EditAddressViewController.m in Sources */ = {isa = PBXBuildFile; fileRef = F48237311F26D60B00DDD487 /* EditAddressViewController.m */; };
		F48237381F26EA1100DDD487 /* CollectViewController.m in Sources */ = {isa = PBXBuildFile; fileRef = F48237371F26EA1100DDD487 /* CollectViewController.m */; };
		F482373B1F26EC3100DDD487 /* CollectTableViewCell.m in Sources */ = {isa = PBXBuildFile; fileRef = F482373A1F26EC3100DDD487 /* CollectTableViewCell.m */; };
		F482373F1F27041300DDD487 /* HomePageScrollView.m in Sources */ = {isa = PBXBuildFile; fileRef = F482373E1F27041300DDD487 /* HomePageScrollView.m */; };
		F48237421F27078200DDD487 /* HomePageButtonView.m in Sources */ = {isa = PBXBuildFile; fileRef = F48237411F27078200DDD487 /* HomePageButtonView.m */; };
		F482374C1F27106300DDD487 /* homepage_camera.png in Resources */ = {isa = PBXBuildFile; fileRef = F48237441F27106300DDD487 /* homepage_camera.png */; };
		F482374D1F27106300DDD487 /* homepage_car.png in Resources */ = {isa = PBXBuildFile; fileRef = F48237451F27106300DDD487 /* homepage_car.png */; };
		F482374E1F27106300DDD487 /* homepage_cloth.png in Resources */ = {isa = PBXBuildFile; fileRef = F48237461F27106300DDD487 /* homepage_cloth.png */; };
		F482374F1F27106300DDD487 /* homepage_flower.png in Resources */ = {isa = PBXBuildFile; fileRef = F48237471F27106300DDD487 /* homepage_flower.png */; };
		F48237501F27106300DDD487 /* homepage_hotel.png in Resources */ = {isa = PBXBuildFile; fileRef = F48237481F27106300DDD487 /* homepage_hotel.png */; };
		F48237511F27106300DDD487 /* homepage_more.png in Resources */ = {isa = PBXBuildFile; fileRef = F48237491F27106300DDD487 /* homepage_more.png */; };
		F48237521F27106300DDD487 /* homepage_video.png in Resources */ = {isa = PBXBuildFile; fileRef = F482374A1F27106300DDD487 /* homepage_video.png */; };
		F48237531F27106300DDD487 /* homepage_wedding.png in Resources */ = {isa = PBXBuildFile; fileRef = F482374B1F27106300DDD487 /* homepage_wedding.png */; };
		F48237561F27179700DDD487 /* HomePageTableViewCell.m in Sources */ = {isa = PBXBuildFile; fileRef = F48237551F27179700DDD487 /* HomePageTableViewCell.m */; };
		F482375A1F2725AA00DDD487 /* ShoppingTableViewCell.m in Sources */ = {isa = PBXBuildFile; fileRef = F48237591F2725AA00DDD487 /* ShoppingTableViewCell.m */; };
		F482375D1F27395100DDD487 /* ShoppingBottomView.m in Sources */ = {isa = PBXBuildFile; fileRef = F482375C1F27395100DDD487 /* ShoppingBottomView.m */; };
		F4A7A0901F256B96009FAAEE /* main.m in Sources */ = {isa = PBXBuildFile; fileRef = F4A7A08F1F256B96009FAAEE /* main.m */; };
		F4A7A0931F256B96009FAAEE /* AppDelegate.m in Sources */ = {isa = PBXBuildFile; fileRef = F4A7A0921F256B96009FAAEE /* AppDelegate.m */; };
		F4A7A0961F256B96009FAAEE /* ViewController.m in Sources */ = {isa = PBXBuildFile; fileRef = F4A7A0951F256B96009FAAEE /* ViewController.m */; };
		F4A7A0991F256B96009FAAEE /* Main.storyboard in Resources */ = {isa = PBXBuildFile; fileRef = F4A7A0971F256B96009FAAEE /* Main.storyboard */; };
		F4A7A09B1F256B96009FAAEE /* Assets.xcassets in Resources */ = {isa = PBXBuildFile; fileRef = F4A7A09A1F256B96009FAAEE /* Assets.xcassets */; };
		F4A7A09E1F256B96009FAAEE /* LaunchScreen.storyboard in Resources */ = {isa = PBXBuildFile; fileRef = F4A7A09C1F256B96009FAAEE /* LaunchScreen.storyboard */; };
		F4A7A0A91F256B96009FAAEE /* PhotoTests.m in Sources */ = {isa = PBXBuildFile; fileRef = F4A7A0A81F256B96009FAAEE /* PhotoTests.m */; };
		F4A7A0B41F256B96009FAAEE /* PhotoUITests.m in Sources */ = {isa = PBXBuildFile; fileRef = F4A7A0B31F256B96009FAAEE /* PhotoUITests.m */; };
		F4A7A0CE1F256D8B009FAAEE /* ShoppingViewController.m in Sources */ = {isa = PBXBuildFile; fileRef = F4A7A0CD1F256D8B009FAAEE /* ShoppingViewController.m */; };
		F4A7A0D11F256DB1009FAAEE /* HomePageViewController.m in Sources */ = {isa = PBXBuildFile; fileRef = F4A7A0D01F256DB1009FAAEE /* HomePageViewController.m */; };
		F4A7A0D41F256DC3009FAAEE /* StoreViewController.m in Sources */ = {isa = PBXBuildFile; fileRef = F4A7A0D31F256DC3009FAAEE /* StoreViewController.m */; };
		F4A7A0D71F2574A1009FAAEE /* PersonalViewController.m in Sources */ = {isa = PBXBuildFile; fileRef = F4A7A0D61F2574A1009FAAEE /* PersonalViewController.m */; };
		F4A7A1051F258449009FAAEE /* PersonalTabelViewCell.m in Sources */ = {isa = PBXBuildFile; fileRef = F4A7A1041F258449009FAAEE /* PersonalTabelViewCell.m */; };
		F4A7A1081F2588BF009FAAEE /* PersonalHeaderView.m in Sources */ = {isa = PBXBuildFile; fileRef = F4A7A1071F2588BF009FAAEE /* PersonalHeaderView.m */; };
		F4A7A1151F259445009FAAEE /* personal_about.png in Resources */ = {isa = PBXBuildFile; fileRef = F4A7A10D1F259445009FAAEE /* personal_about.png */; };
		F4A7A1161F259445009FAAEE /* personal_address.png in Resources */ = {isa = PBXBuildFile; fileRef = F4A7A10E1F259445009FAAEE /* personal_address.png */; };
		F4A7A1171F259445009FAAEE /* personal_celercacher.png in Resources */ = {isa = PBXBuildFile; fileRef = F4A7A10F1F259445009FAAEE /* personal_celercacher.png */; };
		F4A7A1181F259445009FAAEE /* personal_header_image.jpg in Resources */ = {isa = PBXBuildFile; fileRef = F4A7A1101F259445009FAAEE /* personal_header_image.jpg */; };
		F4A7A1191F259445009FAAEE /* personal_order.png in Resources */ = {isa = PBXBuildFile; fileRef = F4A7A1111F259445009FAAEE /* personal_order.png */; };
		F4A7A11A1F259445009FAAEE /* personal_shareapp.png in Resources */ = {isa = PBXBuildFile; fileRef = F4A7A1121F259445009FAAEE /* personal_shareapp.png */; };
		F4A7A11B1F259445009FAAEE /* personal_shoucang.png in Resources */ = {isa = PBXBuildFile; fileRef = F4A7A1131F259445009FAAEE /* personal_shoucang.png */; };
		F4A7A11C1F259445009FAAEE /* personal_update.png in Resources */ = {isa = PBXBuildFile; fileRef = F4A7A1141F259445009FAAEE /* personal_update.png */; };
		F4A7A11E1F2594D1009FAAEE /* personal_arrow.png in Resources */ = {isa = PBXBuildFile; fileRef = F4A7A11D1F2594D1009FAAEE /* personal_arrow.png */; };
		F4A7A1221F2595FF009FAAEE /* EntrySection.m in Sources */ = {isa = PBXBuildFile; fileRef = F4A7A1211F2595FF009FAAEE /* EntrySection.m */; };
		F4A7A1251F259629009FAAEE /* EntryItem.m in Sources */ = {isa = PBXBuildFile; fileRef = F4A7A1241F259629009FAAEE /* EntryItem.m */; };
		F4A7A12F1F25A3A5009FAAEE /* tabbar_homepage_black.png in Resources */ = {isa = PBXBuildFile; fileRef = F4A7A1271F25A3A5009FAAEE /* tabbar_homepage_black.png */; };
		F4A7A1301F25A3A5009FAAEE /* tabbar_homepage_red.png in Resources */ = {isa = PBXBuildFile; fileRef = F4A7A1281F25A3A5009FAAEE /* tabbar_homepage_red.png */; };
		F4A7A1311F25A3A5009FAAEE /* tabbar_personal_black.png in Resources */ = {isa = PBXBuildFile; fileRef = F4A7A1291F25A3A5009FAAEE /* tabbar_personal_black.png */; };
		F4A7A1321F25A3A5009FAAEE /* tabbar_personal_red.png in Resources */ = {isa = PBXBuildFile; fileRef = F4A7A12A1F25A3A5009FAAEE /* tabbar_personal_red.png */; };
		F4A7A1341F25A3A5009FAAEE /* tabbar_shopping_red.png in Resources */ = {isa = PBXBuildFile; fileRef = F4A7A12C1F25A3A5009FAAEE /* tabbar_shopping_red.png */; };
		F4A7A1351F25A3A5009FAAEE /* tabbar_store_black.png in Resources */ = {isa = PBXBuildFile; fileRef = F4A7A12D1F25A3A5009FAAEE /* tabbar_store_black.png */; };
		F4A7A1361F25A3A5009FAAEE /* tabbar_store_red.png in Resources */ = {isa = PBXBuildFile; fileRef = F4A7A12E1F25A3A5009FAAEE /* tabbar_store_red.png */; };
		F4A7A1391F25A779009FAAEE /* AvatarView.m in Sources */ = {isa = PBXBuildFile; fileRef = F4A7A1381F25A779009FAAEE /* AvatarView.m */; };
		F4A7A13D1F25AAE4009FAAEE /* tabbar_shopping_black.png in Resources */ = {isa = PBXBuildFile; fileRef = F4A7A13C1F25AAE4009FAAEE /* tabbar_shopping_black.png */; };
		F4A7A1401F25B74D009FAAEE /* UserDataViewController.m in Sources */ = {isa = PBXBuildFile; fileRef = F4A7A13F1F25B74D009FAAEE /* UserDataViewController.m */; };
		F4A7A2561F25BC22009FAAEE /* NavigationBar.m in Sources */ = {isa = PBXBuildFile; fileRef = F4A7A2551F25BC22009FAAEE /* NavigationBar.m */; };
		F4A7A2591F25C3D0009FAAEE /* UserDataTableViewCell.m in Sources */ = {isa = PBXBuildFile; fileRef = F4A7A2581F25C3D0009FAAEE /* UserDataTableViewCell.m */; };
		F4A7A25E1F25D192009FAAEE /* common_back.png in Resources */ = {isa = PBXBuildFile; fileRef = F4A7A25D1F25D192009FAAEE /* common_back.png */; };
/* End PBXBuildFile section */

/* Begin PBXContainerItemProxy section */
		F4A7A0A51F256B96009FAAEE /* PBXContainerItemProxy */ = {
			isa = PBXContainerItemProxy;
			containerPortal = F4A7A0831F256B96009FAAEE /* Project object */;
			proxyType = 1;
			remoteGlobalIDString = F4A7A08A1F256B96009FAAEE;
			remoteInfo = Photo;
		};
		F4A7A0B01F256B96009FAAEE /* PBXContainerItemProxy */ = {
			isa = PBXContainerItemProxy;
			containerPortal = F4A7A0831F256B96009FAAEE /* Project object */;
			proxyType = 1;
			remoteGlobalIDString = F4A7A08A1F256B96009FAAEE;
			remoteInfo = Photo;
		};
/* End PBXContainerItemProxy section */

/* Begin PBXFileReference section */
		1974EED19EF6BC33D1481465 /* Pods-Photo.debug.xcconfig */ = {isa = PBXFileReference; includeInIndex = 1; lastKnownFileType = text.xcconfig; name = "Pods-Photo.debug.xcconfig"; path = "Pods/Target Support Files/Pods-Photo/Pods-Photo.debug.xcconfig"; sourceTree = "<group>"; };
		A514B0EF1F28FC91006A765F /* hong.pch */ = {isa = PBXFileReference; fileEncoding = 4; lastKnownFileType = sourcecode.c.h; path = hong.pch; sourceTree = "<group>"; };
		A514B0F01F2901A1006A765F /* LeadViewController.h */ = {isa = PBXFileReference; fileEncoding = 4; lastKnownFileType = sourcecode.c.h; path = LeadViewController.h; sourceTree = "<group>"; };
		A514B0F11F2901A1006A765F /* LeadViewController.m */ = {isa = PBXFileReference; fileEncoding = 4; lastKnownFileType = sourcecode.c.objc; path = LeadViewController.m; sourceTree = "<group>"; };
		A514B1021F2903D3006A765F /* TabbarViewController.h */ = {isa = PBXFileReference; fileEncoding = 4; lastKnownFileType = sourcecode.c.h; path = TabbarViewController.h; sourceTree = "<group>"; };
		A514B1031F2903D3006A765F /* TabbarViewController.m */ = {isa = PBXFileReference; fileEncoding = 4; lastKnownFileType = sourcecode.c.objc; path = TabbarViewController.m; sourceTree = "<group>"; };
		A514B1061F290533006A765F /* FitManage.h */ = {isa = PBXFileReference; fileEncoding = 4; lastKnownFileType = sourcecode.c.h; path = FitManage.h; sourceTree = "<group>"; };
		A514B1071F290533006A765F /* FitManage.m */ = {isa = PBXFileReference; fileEncoding = 4; lastKnownFileType = sourcecode.c.objc; path = FitManage.m; sourceTree = "<group>"; };
		A514B1081F290533006A765F /* NSString+Category.h */ = {isa = PBXFileReference; fileEncoding = 4; lastKnownFileType = sourcecode.c.h; path = "NSString+Category.h"; sourceTree = "<group>"; };
		A514B1091F290533006A765F /* NSString+Category.m */ = {isa = PBXFileReference; fileEncoding = 4; lastKnownFileType = sourcecode.c.objc; path = "NSString+Category.m"; sourceTree = "<group>"; };
		A514B10A1F290533006A765F /* SvUDIDTools.h */ = {isa = PBXFileReference; fileEncoding = 4; lastKnownFileType = sourcecode.c.h; path = SvUDIDTools.h; sourceTree = "<group>"; };
		A514B10B1F290533006A765F /* SvUDIDTools.m */ = {isa = PBXFileReference; fileEncoding = 4; lastKnownFileType = sourcecode.c.objc; path = SvUDIDTools.m; sourceTree = "<group>"; };
		A514B10C1F290533006A765F /* UIColor+EX.h */ = {isa = PBXFileReference; fileEncoding = 4; lastKnownFileType = sourcecode.c.h; path = "UIColor+EX.h"; sourceTree = "<group>"; };
		A514B10D1F290533006A765F /* UIColor+EX.m */ = {isa = PBXFileReference; fileEncoding = 4; lastKnownFileType = sourcecode.c.objc; path = "UIColor+EX.m"; sourceTree = "<group>"; };
		CD7508C1BC4827C026564603 /* libPods-Photo.a */ = {isa = PBXFileReference; explicitFileType = archive.ar; includeInIndex = 0; path = "libPods-Photo.a"; sourceTree = BUILT_PRODUCTS_DIR; };
		DFFD29296EE5B8D87B3DB463 /* Pods-Photo.release.xcconfig */ = {isa = PBXFileReference; includeInIndex = 1; lastKnownFileType = text.xcconfig; name = "Pods-Photo.release.xcconfig"; path = "Pods/Target Support Files/Pods-Photo/Pods-Photo.release.xcconfig"; sourceTree = "<group>"; };
		F40430821F29790A00DDB2E7 /* main_my_bg.jpeg */ = {isa = PBXFileReference; lastKnownFileType = image.jpeg; path = main_my_bg.jpeg; sourceTree = "<group>"; };
		F40430841F29869D00DDB2E7 /* AddAddressViewController.h */ = {isa = PBXFileReference; fileEncoding = 4; lastKnownFileType = sourcecode.c.h; path = AddAddressViewController.h; sourceTree = "<group>"; };
		F40430851F29869D00DDB2E7 /* AddAddressViewController.m */ = {isa = PBXFileReference; fileEncoding = 4; lastKnownFileType = sourcecode.c.objc; path = AddAddressViewController.m; sourceTree = "<group>"; };
		F40430871F29BC4300DDB2E7 /* PhoneNumberViewController.h */ = {isa = PBXFileReference; fileEncoding = 4; lastKnownFileType = sourcecode.c.h; path = PhoneNumberViewController.h; sourceTree = "<group>"; };
		F40430881F29BC4300DDB2E7 /* PhoneNumberViewController.m */ = {isa = PBXFileReference; fileEncoding = 4; lastKnownFileType = sourcecode.c.objc; path = PhoneNumberViewController.m; sourceTree = "<group>"; };
		F404308A1F29C52F00DDB2E7 /* NickNameViewController.h */ = {isa = PBXFileReference; fileEncoding = 4; lastKnownFileType = sourcecode.c.h; path = NickNameViewController.h; sourceTree = "<group>"; };
		F404308B1F29C52F00DDB2E7 /* NickNameViewController.m */ = {isa = PBXFileReference; fileEncoding = 4; lastKnownFileType = sourcecode.c.objc; path = NickNameViewController.m; sourceTree = "<group>"; };
		F404308D1F29C6C800DDB2E7 /* UserNameViewController.h */ = {isa = PBXFileReference; fileEncoding = 4; lastKnownFileType = sourcecode.c.h; path = UserNameViewController.h; sourceTree = "<group>"; };
		F404308E1F29C6C800DDB2E7 /* UserNameViewController.m */ = {isa = PBXFileReference; fileEncoding = 4; lastKnownFileType = sourcecode.c.objc; path = UserNameViewController.m; sourceTree = "<group>"; };
		F40430931F29D0FD00DDB2E7 /* LoginViewController.h */ = {isa = PBXFileReference; fileEncoding = 4; lastKnownFileType = sourcecode.c.h; path = LoginViewController.h; sourceTree = "<group>"; };
		F40430941F29D0FD00DDB2E7 /* LoginViewController.m */ = {isa = PBXFileReference; fileEncoding = 4; lastKnownFileType = sourcecode.c.objc; path = LoginViewController.m; sourceTree = "<group>"; };
		F481851F1F25D9E200349143 /* OrderManageViewController.h */ = {isa = PBXFileReference; fileEncoding = 4; lastKnownFileType = sourcecode.c.h; path = OrderManageViewController.h; sourceTree = "<group>"; };
		F48185201F25D9E200349143 /* OrderManageViewController.m */ = {isa = PBXFileReference; fileEncoding = 4; lastKnownFileType = sourcecode.c.objc; path = OrderManageViewController.m; sourceTree = "<group>"; };
		F48185221F25E25800349143 /* CustomActionSheet.h */ = {isa = PBXFileReference; fileEncoding = 4; lastKnownFileType = sourcecode.c.h; path = CustomActionSheet.h; sourceTree = "<group>"; };
		F48185231F25E25800349143 /* CustomActionSheet.m */ = {isa = PBXFileReference; fileEncoding = 4; lastKnownFileType = sourcecode.c.objc; path = CustomActionSheet.m; sourceTree = "<group>"; };
		F481E90A1F282D1E00EE3D7C /* personal_address_selected.png */ = {isa = PBXFileReference; lastKnownFileType = image.png; path = personal_address_selected.png; sourceTree = "<group>"; };
		F481E90B1F282D1E00EE3D7C /* personal_address_unselect.png */ = {isa = PBXFileReference; lastKnownFileType = image.png; path = personal_address_unselect.png; sourceTree = "<group>"; };
		F481E90F1F283A5F00EE3D7C /* shopping_select.png */ = {isa = PBXFileReference; lastKnownFileType = image.png; path = shopping_select.png; sourceTree = "<group>"; };
		F481E9111F283B0400EE3D7C /* shopping_selected.png */ = {isa = PBXFileReference; lastKnownFileType = image.png; path = shopping_selected.png; sourceTree = "<group>"; };
		F481E9131F283DD600EE3D7C /* shopping_delete.png */ = {isa = PBXFileReference; lastKnownFileType = image.png; path = shopping_delete.png; sourceTree = "<group>"; };
		F481E9561F28551C00EE3D7C /* BaseViewController.h */ = {isa = PBXFileReference; fileEncoding = 4; lastKnownFileType = sourcecode.c.h; path = BaseViewController.h; sourceTree = "<group>"; };
		F481E9571F28551C00EE3D7C /* BaseViewController.m */ = {isa = PBXFileReference; fileEncoding = 4; lastKnownFileType = sourcecode.c.objc; path = BaseViewController.m; sourceTree = "<group>"; };
		F481E9591F28581600EE3D7C /* DatePickerView.h */ = {isa = PBXFileReference; fileEncoding = 4; lastKnownFileType = sourcecode.c.h; path = DatePickerView.h; sourceTree = "<group>"; };
		F481E95A1F28581600EE3D7C /* DatePickerView.m */ = {isa = PBXFileReference; fileEncoding = 4; lastKnownFileType = sourcecode.c.objc; path = DatePickerView.m; sourceTree = "<group>"; };
		F481E95C1F2865C900EE3D7C /* SexPickerView.h */ = {isa = PBXFileReference; fileEncoding = 4; lastKnownFileType = sourcecode.c.h; path = SexPickerView.h; sourceTree = "<group>"; };
		F481E95D1F2865C900EE3D7C /* SexPickerView.m */ = {isa = PBXFileReference; fileEncoding = 4; lastKnownFileType = sourcecode.c.objc; path = SexPickerView.m; sourceTree = "<group>"; };
		F48237261F2605A200DDD487 /* AddressViewController.h */ = {isa = PBXFileReference; fileEncoding = 4; lastKnownFileType = sourcecode.c.h; path = AddressViewController.h; sourceTree = "<group>"; };
		F48237271F2605A200DDD487 /* AddressViewController.m */ = {isa = PBXFileReference; fileEncoding = 4; lastKnownFileType = sourcecode.c.objc; path = AddressViewController.m; sourceTree = "<group>"; };
		F48237291F2606BC00DDD487 /* AddressTableViewCell.h */ = {isa = PBXFileReference; fileEncoding = 4; lastKnownFileType = sourcecode.c.h; path = AddressTableViewCell.h; sourceTree = "<group>"; };
		F482372A1F2606BC00DDD487 /* AddressTableViewCell.m */ = {isa = PBXFileReference; fileEncoding = 4; lastKnownFileType = sourcecode.c.objc; path = AddressTableViewCell.m; sourceTree = "<group>"; };
		F482372C1F26CC4D00DDD487 /* personal_address_delete.png */ = {isa = PBXFileReference; lastKnownFileType = image.png; path = personal_address_delete.png; sourceTree = "<group>"; };
		F482372D1F26CC4D00DDD487 /* personal_address_edit.png */ = {isa = PBXFileReference; lastKnownFileType = image.png; path = personal_address_edit.png; sourceTree = "<group>"; };
		F48237301F26D60B00DDD487 /* EditAddressViewController.h */ = {isa = PBXFileReference; fileEncoding = 4; lastKnownFileType = sourcecode.c.h; path = EditAddressViewController.h; sourceTree = "<group>"; };
		F48237311F26D60B00DDD487 /* EditAddressViewController.m */ = {isa = PBXFileReference; fileEncoding = 4; lastKnownFileType = sourcecode.c.objc; path = EditAddressViewController.m; sourceTree = "<group>"; };
		F48237361F26EA1100DDD487 /* CollectViewController.h */ = {isa = PBXFileReference; fileEncoding = 4; lastKnownFileType = sourcecode.c.h; path = CollectViewController.h; sourceTree = "<group>"; };
		F48237371F26EA1100DDD487 /* CollectViewController.m */ = {isa = PBXFileReference; fileEncoding = 4; lastKnownFileType = sourcecode.c.objc; path = CollectViewController.m; sourceTree = "<group>"; };
		F48237391F26EC3100DDD487 /* CollectTableViewCell.h */ = {isa = PBXFileReference; fileEncoding = 4; lastKnownFileType = sourcecode.c.h; path = CollectTableViewCell.h; sourceTree = "<group>"; };
		F482373A1F26EC3100DDD487 /* CollectTableViewCell.m */ = {isa = PBXFileReference; fileEncoding = 4; lastKnownFileType = sourcecode.c.objc; path = CollectTableViewCell.m; sourceTree = "<group>"; };
		F482373D1F27041300DDD487 /* HomePageScrollView.h */ = {isa = PBXFileReference; fileEncoding = 4; lastKnownFileType = sourcecode.c.h; path = HomePageScrollView.h; sourceTree = "<group>"; };
		F482373E1F27041300DDD487 /* HomePageScrollView.m */ = {isa = PBXFileReference; fileEncoding = 4; lastKnownFileType = sourcecode.c.objc; path = HomePageScrollView.m; sourceTree = "<group>"; };
		F48237401F27078200DDD487 /* HomePageButtonView.h */ = {isa = PBXFileReference; fileEncoding = 4; lastKnownFileType = sourcecode.c.h; path = HomePageButtonView.h; sourceTree = "<group>"; };
		F48237411F27078200DDD487 /* HomePageButtonView.m */ = {isa = PBXFileReference; fileEncoding = 4; lastKnownFileType = sourcecode.c.objc; path = HomePageButtonView.m; sourceTree = "<group>"; };
		F48237441F27106300DDD487 /* homepage_camera.png */ = {isa = PBXFileReference; lastKnownFileType = image.png; path = homepage_camera.png; sourceTree = "<group>"; };
		F48237451F27106300DDD487 /* homepage_car.png */ = {isa = PBXFileReference; lastKnownFileType = image.png; path = homepage_car.png; sourceTree = "<group>"; };
		F48237461F27106300DDD487 /* homepage_cloth.png */ = {isa = PBXFileReference; lastKnownFileType = image.png; path = homepage_cloth.png; sourceTree = "<group>"; };
		F48237471F27106300DDD487 /* homepage_flower.png */ = {isa = PBXFileReference; lastKnownFileType = image.png; path = homepage_flower.png; sourceTree = "<group>"; };
		F48237481F27106300DDD487 /* homepage_hotel.png */ = {isa = PBXFileReference; lastKnownFileType = image.png; path = homepage_hotel.png; sourceTree = "<group>"; };
		F48237491F27106300DDD487 /* homepage_more.png */ = {isa = PBXFileReference; lastKnownFileType = image.png; path = homepage_more.png; sourceTree = "<group>"; };
		F482374A1F27106300DDD487 /* homepage_video.png */ = {isa = PBXFileReference; lastKnownFileType = image.png; path = homepage_video.png; sourceTree = "<group>"; };
		F482374B1F27106300DDD487 /* homepage_wedding.png */ = {isa = PBXFileReference; lastKnownFileType = image.png; path = homepage_wedding.png; sourceTree = "<group>"; };
		F48237541F27179700DDD487 /* HomePageTableViewCell.h */ = {isa = PBXFileReference; fileEncoding = 4; lastKnownFileType = sourcecode.c.h; path = HomePageTableViewCell.h; sourceTree = "<group>"; };
		F48237551F27179700DDD487 /* HomePageTableViewCell.m */ = {isa = PBXFileReference; fileEncoding = 4; lastKnownFileType = sourcecode.c.objc; path = HomePageTableViewCell.m; sourceTree = "<group>"; };
		F48237581F2725AA00DDD487 /* ShoppingTableViewCell.h */ = {isa = PBXFileReference; fileEncoding = 4; lastKnownFileType = sourcecode.c.h; path = ShoppingTableViewCell.h; sourceTree = "<group>"; };
		F48237591F2725AA00DDD487 /* ShoppingTableViewCell.m */ = {isa = PBXFileReference; fileEncoding = 4; lastKnownFileType = sourcecode.c.objc; path = ShoppingTableViewCell.m; sourceTree = "<group>"; };
		F482375B1F27395100DDD487 /* ShoppingBottomView.h */ = {isa = PBXFileReference; fileEncoding = 4; lastKnownFileType = sourcecode.c.h; path = ShoppingBottomView.h; sourceTree = "<group>"; };
		F482375C1F27395100DDD487 /* ShoppingBottomView.m */ = {isa = PBXFileReference; fileEncoding = 4; lastKnownFileType = sourcecode.c.objc; path = ShoppingBottomView.m; sourceTree = "<group>"; };
		F4A7A08B1F256B96009FAAEE /* Photo.app */ = {isa = PBXFileReference; explicitFileType = wrapper.application; includeInIndex = 0; path = Photo.app; sourceTree = BUILT_PRODUCTS_DIR; };
		F4A7A08F1F256B96009FAAEE /* main.m */ = {isa = PBXFileReference; lastKnownFileType = sourcecode.c.objc; path = main.m; sourceTree = "<group>"; };
		F4A7A0911F256B96009FAAEE /* AppDelegate.h */ = {isa = PBXFileReference; lastKnownFileType = sourcecode.c.h; path = AppDelegate.h; sourceTree = "<group>"; };
		F4A7A0921F256B96009FAAEE /* AppDelegate.m */ = {isa = PBXFileReference; lastKnownFileType = sourcecode.c.objc; path = AppDelegate.m; sourceTree = "<group>"; };
		F4A7A0941F256B96009FAAEE /* ViewController.h */ = {isa = PBXFileReference; lastKnownFileType = sourcecode.c.h; path = ViewController.h; sourceTree = "<group>"; };
		F4A7A0951F256B96009FAAEE /* ViewController.m */ = {isa = PBXFileReference; lastKnownFileType = sourcecode.c.objc; path = ViewController.m; sourceTree = "<group>"; };
		F4A7A0981F256B96009FAAEE /* Base */ = {isa = PBXFileReference; lastKnownFileType = file.storyboard; name = Base; path = Base.lproj/Main.storyboard; sourceTree = "<group>"; };
		F4A7A09A1F256B96009FAAEE /* Assets.xcassets */ = {isa = PBXFileReference; lastKnownFileType = folder.assetcatalog; path = Assets.xcassets; sourceTree = "<group>"; };
		F4A7A09D1F256B96009FAAEE /* Base */ = {isa = PBXFileReference; lastKnownFileType = file.storyboard; name = Base; path = Base.lproj/LaunchScreen.storyboard; sourceTree = "<group>"; };
		F4A7A09F1F256B96009FAAEE /* Info.plist */ = {isa = PBXFileReference; lastKnownFileType = text.plist.xml; path = Info.plist; sourceTree = "<group>"; };
		F4A7A0A41F256B96009FAAEE /* PhotoTests.xctest */ = {isa = PBXFileReference; explicitFileType = wrapper.cfbundle; includeInIndex = 0; path = PhotoTests.xctest; sourceTree = BUILT_PRODUCTS_DIR; };
		F4A7A0A81F256B96009FAAEE /* PhotoTests.m */ = {isa = PBXFileReference; lastKnownFileType = sourcecode.c.objc; path = PhotoTests.m; sourceTree = "<group>"; };
		F4A7A0AA1F256B96009FAAEE /* Info.plist */ = {isa = PBXFileReference; lastKnownFileType = text.plist.xml; path = Info.plist; sourceTree = "<group>"; };
		F4A7A0AF1F256B96009FAAEE /* PhotoUITests.xctest */ = {isa = PBXFileReference; explicitFileType = wrapper.cfbundle; includeInIndex = 0; path = PhotoUITests.xctest; sourceTree = BUILT_PRODUCTS_DIR; };
		F4A7A0B31F256B96009FAAEE /* PhotoUITests.m */ = {isa = PBXFileReference; lastKnownFileType = sourcecode.c.objc; path = PhotoUITests.m; sourceTree = "<group>"; };
		F4A7A0B51F256B96009FAAEE /* Info.plist */ = {isa = PBXFileReference; lastKnownFileType = text.plist.xml; path = Info.plist; sourceTree = "<group>"; };
		F4A7A0CC1F256D8B009FAAEE /* ShoppingViewController.h */ = {isa = PBXFileReference; fileEncoding = 4; lastKnownFileType = sourcecode.c.h; path = ShoppingViewController.h; sourceTree = "<group>"; };
		F4A7A0CD1F256D8B009FAAEE /* ShoppingViewController.m */ = {isa = PBXFileReference; fileEncoding = 4; lastKnownFileType = sourcecode.c.objc; path = ShoppingViewController.m; sourceTree = "<group>"; };
		F4A7A0CF1F256DB1009FAAEE /* HomePageViewController.h */ = {isa = PBXFileReference; fileEncoding = 4; lastKnownFileType = sourcecode.c.h; path = HomePageViewController.h; sourceTree = "<group>"; };
		F4A7A0D01F256DB1009FAAEE /* HomePageViewController.m */ = {isa = PBXFileReference; fileEncoding = 4; lastKnownFileType = sourcecode.c.objc; path = HomePageViewController.m; sourceTree = "<group>"; };
		F4A7A0D21F256DC3009FAAEE /* StoreViewController.h */ = {isa = PBXFileReference; fileEncoding = 4; lastKnownFileType = sourcecode.c.h; path = StoreViewController.h; sourceTree = "<group>"; };
		F4A7A0D31F256DC3009FAAEE /* StoreViewController.m */ = {isa = PBXFileReference; fileEncoding = 4; lastKnownFileType = sourcecode.c.objc; path = StoreViewController.m; sourceTree = "<group>"; };
		F4A7A0D51F2574A1009FAAEE /* PersonalViewController.h */ = {isa = PBXFileReference; fileEncoding = 4; lastKnownFileType = sourcecode.c.h; path = PersonalViewController.h; sourceTree = "<group>"; };
		F4A7A0D61F2574A1009FAAEE /* PersonalViewController.m */ = {isa = PBXFileReference; fileEncoding = 4; lastKnownFileType = sourcecode.c.objc; path = PersonalViewController.m; sourceTree = "<group>"; };
		F4A7A1031F258449009FAAEE /* PersonalTabelViewCell.h */ = {isa = PBXFileReference; fileEncoding = 4; lastKnownFileType = sourcecode.c.h; path = PersonalTabelViewCell.h; sourceTree = "<group>"; };
		F4A7A1041F258449009FAAEE /* PersonalTabelViewCell.m */ = {isa = PBXFileReference; fileEncoding = 4; lastKnownFileType = sourcecode.c.objc; path = PersonalTabelViewCell.m; sourceTree = "<group>"; };
		F4A7A1061F2588BF009FAAEE /* PersonalHeaderView.h */ = {isa = PBXFileReference; fileEncoding = 4; lastKnownFileType = sourcecode.c.h; path = PersonalHeaderView.h; sourceTree = "<group>"; };
		F4A7A1071F2588BF009FAAEE /* PersonalHeaderView.m */ = {isa = PBXFileReference; fileEncoding = 4; lastKnownFileType = sourcecode.c.objc; path = PersonalHeaderView.m; sourceTree = "<group>"; };
		F4A7A10D1F259445009FAAEE /* personal_about.png */ = {isa = PBXFileReference; lastKnownFileType = image.png; path = personal_about.png; sourceTree = "<group>"; };
		F4A7A10E1F259445009FAAEE /* personal_address.png */ = {isa = PBXFileReference; lastKnownFileType = image.png; path = personal_address.png; sourceTree = "<group>"; };
		F4A7A10F1F259445009FAAEE /* personal_celercacher.png */ = {isa = PBXFileReference; lastKnownFileType = image.png; path = personal_celercacher.png; sourceTree = "<group>"; };
		F4A7A1101F259445009FAAEE /* personal_header_image.jpg */ = {isa = PBXFileReference; lastKnownFileType = image.jpeg; path = personal_header_image.jpg; sourceTree = "<group>"; };
		F4A7A1111F259445009FAAEE /* personal_order.png */ = {isa = PBXFileReference; lastKnownFileType = image.png; path = personal_order.png; sourceTree = "<group>"; };
		F4A7A1121F259445009FAAEE /* personal_shareapp.png */ = {isa = PBXFileReference; lastKnownFileType = image.png; path = personal_shareapp.png; sourceTree = "<group>"; };
		F4A7A1131F259445009FAAEE /* personal_shoucang.png */ = {isa = PBXFileReference; lastKnownFileType = image.png; path = personal_shoucang.png; sourceTree = "<group>"; };
		F4A7A1141F259445009FAAEE /* personal_update.png */ = {isa = PBXFileReference; lastKnownFileType = image.png; path = personal_update.png; sourceTree = "<group>"; };
		F4A7A11D1F2594D1009FAAEE /* personal_arrow.png */ = {isa = PBXFileReference; lastKnownFileType = image.png; path = personal_arrow.png; sourceTree = "<group>"; };
		F4A7A1201F2595FF009FAAEE /* EntrySection.h */ = {isa = PBXFileReference; fileEncoding = 4; lastKnownFileType = sourcecode.c.h; path = EntrySection.h; sourceTree = "<group>"; };
		F4A7A1211F2595FF009FAAEE /* EntrySection.m */ = {isa = PBXFileReference; fileEncoding = 4; lastKnownFileType = sourcecode.c.objc; path = EntrySection.m; sourceTree = "<group>"; };
		F4A7A1231F259629009FAAEE /* EntryItem.h */ = {isa = PBXFileReference; fileEncoding = 4; lastKnownFileType = sourcecode.c.h; path = EntryItem.h; sourceTree = "<group>"; };
		F4A7A1241F259629009FAAEE /* EntryItem.m */ = {isa = PBXFileReference; fileEncoding = 4; lastKnownFileType = sourcecode.c.objc; path = EntryItem.m; sourceTree = "<group>"; };
		F4A7A1271F25A3A5009FAAEE /* tabbar_homepage_black.png */ = {isa = PBXFileReference; lastKnownFileType = image.png; path = tabbar_homepage_black.png; sourceTree = "<group>"; };
		F4A7A1281F25A3A5009FAAEE /* tabbar_homepage_red.png */ = {isa = PBXFileReference; lastKnownFileType = image.png; path = tabbar_homepage_red.png; sourceTree = "<group>"; };
		F4A7A1291F25A3A5009FAAEE /* tabbar_personal_black.png */ = {isa = PBXFileReference; lastKnownFileType = image.png; path = tabbar_personal_black.png; sourceTree = "<group>"; };
		F4A7A12A1F25A3A5009FAAEE /* tabbar_personal_red.png */ = {isa = PBXFileReference; lastKnownFileType = image.png; path = tabbar_personal_red.png; sourceTree = "<group>"; };
		F4A7A12C1F25A3A5009FAAEE /* tabbar_shopping_red.png */ = {isa = PBXFileReference; lastKnownFileType = image.png; path = tabbar_shopping_red.png; sourceTree = "<group>"; };
		F4A7A12D1F25A3A5009FAAEE /* tabbar_store_black.png */ = {isa = PBXFileReference; lastKnownFileType = image.png; path = tabbar_store_black.png; sourceTree = "<group>"; };
		F4A7A12E1F25A3A5009FAAEE /* tabbar_store_red.png */ = {isa = PBXFileReference; lastKnownFileType = image.png; path = tabbar_store_red.png; sourceTree = "<group>"; };
		F4A7A1371F25A779009FAAEE /* AvatarView.h */ = {isa = PBXFileReference; fileEncoding = 4; lastKnownFileType = sourcecode.c.h; path = AvatarView.h; sourceTree = "<group>"; };
		F4A7A1381F25A779009FAAEE /* AvatarView.m */ = {isa = PBXFileReference; fileEncoding = 4; lastKnownFileType = sourcecode.c.objc; path = AvatarView.m; sourceTree = "<group>"; };
		F4A7A13C1F25AAE4009FAAEE /* tabbar_shopping_black.png */ = {isa = PBXFileReference; lastKnownFileType = image.png; path = tabbar_shopping_black.png; sourceTree = "<group>"; };
		F4A7A13E1F25B74D009FAAEE /* UserDataViewController.h */ = {isa = PBXFileReference; fileEncoding = 4; lastKnownFileType = sourcecode.c.h; path = UserDataViewController.h; sourceTree = "<group>"; };
		F4A7A13F1F25B74D009FAAEE /* UserDataViewController.m */ = {isa = PBXFileReference; fileEncoding = 4; lastKnownFileType = sourcecode.c.objc; path = UserDataViewController.m; sourceTree = "<group>"; };
		F4A7A2541F25BC22009FAAEE /* NavigationBar.h */ = {isa = PBXFileReference; fileEncoding = 4; lastKnownFileType = sourcecode.c.h; path = NavigationBar.h; sourceTree = "<group>"; };
		F4A7A2551F25BC22009FAAEE /* NavigationBar.m */ = {isa = PBXFileReference; fileEncoding = 4; lastKnownFileType = sourcecode.c.objc; path = NavigationBar.m; sourceTree = "<group>"; };
		F4A7A2571F25C3D0009FAAEE /* UserDataTableViewCell.h */ = {isa = PBXFileReference; fileEncoding = 4; lastKnownFileType = sourcecode.c.h; path = UserDataTableViewCell.h; sourceTree = "<group>"; };
		F4A7A2581F25C3D0009FAAEE /* UserDataTableViewCell.m */ = {isa = PBXFileReference; fileEncoding = 4; lastKnownFileType = sourcecode.c.objc; path = UserDataTableViewCell.m; sourceTree = "<group>"; };
		F4A7A25D1F25D192009FAAEE /* common_back.png */ = {isa = PBXFileReference; lastKnownFileType = image.png; path = common_back.png; sourceTree = "<group>"; };
/* End PBXFileReference section */

/* Begin PBXFrameworksBuildPhase section */
		F4A7A0881F256B96009FAAEE /* Frameworks */ = {
			isa = PBXFrameworksBuildPhase;
			buildActionMask = 2147483647;
			files = (
				33BE91EAF0A94AB73B65E9D1 /* libPods-Photo.a in Frameworks */,
			);
			runOnlyForDeploymentPostprocessing = 0;
		};
		F4A7A0A11F256B96009FAAEE /* Frameworks */ = {
			isa = PBXFrameworksBuildPhase;
			buildActionMask = 2147483647;
			files = (
			);
			runOnlyForDeploymentPostprocessing = 0;
		};
		F4A7A0AC1F256B96009FAAEE /* Frameworks */ = {
			isa = PBXFrameworksBuildPhase;
			buildActionMask = 2147483647;
			files = (
			);
			runOnlyForDeploymentPostprocessing = 0;
		};
/* End PBXFrameworksBuildPhase section */

/* Begin PBXGroup section */
		3AF5D29E0BF9DB9947619118 /* Frameworks */ = {
			isa = PBXGroup;
			children = (
				CD7508C1BC4827C026564603 /* libPods-Photo.a */,
			);
			name = Frameworks;
			sourceTree = "<group>";
		};
		A47A17F705C2DFF7457BE8C2 /* Pods */ = {
			isa = PBXGroup;
			children = (
				1974EED19EF6BC33D1481465 /* Pods-Photo.debug.xcconfig */,
				DFFD29296EE5B8D87B3DB463 /* Pods-Photo.release.xcconfig */,
			);
			name = Pods;
			sourceTree = "<group>";
		};
		A514B1011F2903D3006A765F /* Tabbar */ = {
			isa = PBXGroup;
			children = (
				A514B1021F2903D3006A765F /* TabbarViewController.h */,
				A514B1031F2903D3006A765F /* TabbarViewController.m */,
			);
			path = Tabbar;
			sourceTree = "<group>";
		};
		A514B1051F290533006A765F /* 工具 */ = {
			isa = PBXGroup;
			children = (
				A514B1061F290533006A765F /* FitManage.h */,
				A514B1071F290533006A765F /* FitManage.m */,
				A514B1081F290533006A765F /* NSString+Category.h */,
				A514B1091F290533006A765F /* NSString+Category.m */,
				A514B10A1F290533006A765F /* SvUDIDTools.h */,
				A514B10B1F290533006A765F /* SvUDIDTools.m */,
				A514B10C1F290533006A765F /* UIColor+EX.h */,
				A514B10D1F290533006A765F /* UIColor+EX.m */,
			);
			path = "工具";
			sourceTree = "<group>";
		};
		F481E90E1F283A5F00EE3D7C /* Shopping */ = {
			isa = PBXGroup;
			children = (
				F481E9131F283DD600EE3D7C /* shopping_delete.png */,
				F481E9111F283B0400EE3D7C /* shopping_selected.png */,
				F481E90F1F283A5F00EE3D7C /* shopping_select.png */,
			);
			path = Shopping;
			sourceTree = "<group>";
		};
		F482373C1F2703F700DDD487 /* View */ = {
			isa = PBXGroup;
			children = (
				F482373D1F27041300DDD487 /* HomePageScrollView.h */,
				F482373E1F27041300DDD487 /* HomePageScrollView.m */,
				F48237401F27078200DDD487 /* HomePageButtonView.h */,
				F48237411F27078200DDD487 /* HomePageButtonView.m */,
				F48237541F27179700DDD487 /* HomePageTableViewCell.h */,
				F48237551F27179700DDD487 /* HomePageTableViewCell.m */,
			);
			path = View;
			sourceTree = "<group>";
		};
		F48237431F27106300DDD487 /* HomePageImages */ = {
			isa = PBXGroup;
			children = (
				F48237441F27106300DDD487 /* homepage_camera.png */,
				F48237451F27106300DDD487 /* homepage_car.png */,
				F48237461F27106300DDD487 /* homepage_cloth.png */,
				F48237471F27106300DDD487 /* homepage_flower.png */,
				F48237481F27106300DDD487 /* homepage_hotel.png */,
				F48237491F27106300DDD487 /* homepage_more.png */,
				F482374A1F27106300DDD487 /* homepage_video.png */,
				F482374B1F27106300DDD487 /* homepage_wedding.png */,
			);
			path = HomePageImages;
			sourceTree = "<group>";
		};
		F48237571F27259D00DDD487 /* View */ = {
			isa = PBXGroup;
			children = (
				F48237581F2725AA00DDD487 /* ShoppingTableViewCell.h */,
				F48237591F2725AA00DDD487 /* ShoppingTableViewCell.m */,
				F482375B1F27395100DDD487 /* ShoppingBottomView.h */,
				F482375C1F27395100DDD487 /* ShoppingBottomView.m */,
			);
			path = View;
			sourceTree = "<group>";
		};
		F4A7A0821F256B96009FAAEE = {
			isa = PBXGroup;
			children = (
				F4A7A08D1F256B96009FAAEE /* Photo */,
				F4A7A0A71F256B96009FAAEE /* PhotoTests */,
				F4A7A0B21F256B96009FAAEE /* PhotoUITests */,
				F4A7A08C1F256B96009FAAEE /* Products */,
				A47A17F705C2DFF7457BE8C2 /* Pods */,
				3AF5D29E0BF9DB9947619118 /* Frameworks */,
			);
			sourceTree = "<group>";
		};
		F4A7A08C1F256B96009FAAEE /* Products */ = {
			isa = PBXGroup;
			children = (
				F4A7A08B1F256B96009FAAEE /* Photo.app */,
				F4A7A0A41F256B96009FAAEE /* PhotoTests.xctest */,
				F4A7A0AF1F256B96009FAAEE /* PhotoUITests.xctest */,
			);
			name = Products;
			sourceTree = "<group>";
		};
		F4A7A08D1F256B96009FAAEE /* Photo */ = {
			isa = PBXGroup;
			children = (
				A514B1051F290533006A765F /* 工具 */,
				F4A7A11F1F2595E5009FAAEE /* Common */,
				F4A7A1091F2592E1009FAAEE /* Images */,
				F4A7A0D81F257F14009FAAEE /* ThirdParties */,
				F4A7A0C11F256C3F009FAAEE /* Shopping */,
				F4A7A0C21F256C3F009FAAEE /* HomePage */,
				F4A7A0C31F256C3F009FAAEE /* Personal */,
				F4A7A0C41F256C3F009FAAEE /* Store */,
				F4A7A0911F256B96009FAAEE /* AppDelegate.h */,
				F4A7A0921F256B96009FAAEE /* AppDelegate.m */,
				F4A7A0941F256B96009FAAEE /* ViewController.h */,
				F4A7A0951F256B96009FAAEE /* ViewController.m */,
				A514B0F01F2901A1006A765F /* LeadViewController.h */,
				A514B0F11F2901A1006A765F /* LeadViewController.m */,
				F481E9561F28551C00EE3D7C /* BaseViewController.h */,
				F481E9571F28551C00EE3D7C /* BaseViewController.m */,
				A514B0EF1F28FC91006A765F /* hong.pch */,
				F4A7A0971F256B96009FAAEE /* Main.storyboard */,
				F4A7A09A1F256B96009FAAEE /* Assets.xcassets */,
				F4A7A09C1F256B96009FAAEE /* LaunchScreen.storyboard */,
				F4A7A09F1F256B96009FAAEE /* Info.plist */,
				F4A7A08E1F256B96009FAAEE /* Supporting Files */,
			);
			path = Photo;
			sourceTree = "<group>";
		};
		F4A7A08E1F256B96009FAAEE /* Supporting Files */ = {
			isa = PBXGroup;
			children = (
				F4A7A08F1F256B96009FAAEE /* main.m */,
			);
			name = "Supporting Files";
			sourceTree = "<group>";
		};
		F4A7A0A71F256B96009FAAEE /* PhotoTests */ = {
			isa = PBXGroup;
			children = (
				F4A7A0A81F256B96009FAAEE /* PhotoTests.m */,
				F4A7A0AA1F256B96009FAAEE /* Info.plist */,
			);
			path = PhotoTests;
			sourceTree = "<group>";
		};
		F4A7A0B21F256B96009FAAEE /* PhotoUITests */ = {
			isa = PBXGroup;
			children = (
				F4A7A0B31F256B96009FAAEE /* PhotoUITests.m */,
				F4A7A0B51F256B96009FAAEE /* Info.plist */,
			);
			path = PhotoUITests;
			sourceTree = "<group>";
		};
		F4A7A0C11F256C3F009FAAEE /* Shopping */ = {
			isa = PBXGroup;
			children = (
				F4A7A0C61F256D10009FAAEE /* ViewController */,
			);
			path = Shopping;
			sourceTree = "<group>";
		};
		F4A7A0C21F256C3F009FAAEE /* HomePage */ = {
			isa = PBXGroup;
			children = (
				F4A7A0C81F256D2B009FAAEE /* ViewController */,
			);
			path = HomePage;
			sourceTree = "<group>";
		};
		F4A7A0C31F256C3F009FAAEE /* Personal */ = {
			isa = PBXGroup;
			children = (
				F4A7A0C71F256D1F009FAAEE /* ViewController */,
			);
			path = Personal;
			sourceTree = "<group>";
		};
		F4A7A0C41F256C3F009FAAEE /* Store */ = {
			isa = PBXGroup;
			children = (
				F4A7A0C51F256CF3009FAAEE /* ViewController */,
			);
			path = Store;
			sourceTree = "<group>";
		};
		F4A7A0C51F256CF3009FAAEE /* ViewController */ = {
			isa = PBXGroup;
			children = (
				F4A7A0D21F256DC3009FAAEE /* StoreViewController.h */,
				F4A7A0D31F256DC3009FAAEE /* StoreViewController.m */,
			);
			path = ViewController;
			sourceTree = "<group>";
		};
		F4A7A0C61F256D10009FAAEE /* ViewController */ = {
			isa = PBXGroup;
			children = (
				F48237571F27259D00DDD487 /* View */,
				F4A7A0CC1F256D8B009FAAEE /* ShoppingViewController.h */,
				F4A7A0CD1F256D8B009FAAEE /* ShoppingViewController.m */,
			);
			path = ViewController;
			sourceTree = "<group>";
		};
		F4A7A0C71F256D1F009FAAEE /* ViewController */ = {
			isa = PBXGroup;
			children = (
				F4A7A1021F25841F009FAAEE /* View */,
				F4A7A0D51F2574A1009FAAEE /* PersonalViewController.h */,
				F4A7A0D61F2574A1009FAAEE /* PersonalViewController.m */,
				F4A7A13E1F25B74D009FAAEE /* UserDataViewController.h */,
				F4A7A13F1F25B74D009FAAEE /* UserDataViewController.m */,
				F40430871F29BC4300DDB2E7 /* PhoneNumberViewController.h */,
				F40430881F29BC4300DDB2E7 /* PhoneNumberViewController.m */,
				F404308A1F29C52F00DDB2E7 /* NickNameViewController.h */,
				F404308B1F29C52F00DDB2E7 /* NickNameViewController.m */,
				F404308D1F29C6C800DDB2E7 /* UserNameViewController.h */,
				F404308E1F29C6C800DDB2E7 /* UserNameViewController.m */,
				F481851F1F25D9E200349143 /* OrderManageViewController.h */,
				F48185201F25D9E200349143 /* OrderManageViewController.m */,
				F48237261F2605A200DDD487 /* AddressViewController.h */,
				F48237271F2605A200DDD487 /* AddressViewController.m */,
				F40430841F29869D00DDB2E7 /* AddAddressViewController.h */,
				F40430851F29869D00DDB2E7 /* AddAddressViewController.m */,
				F48237301F26D60B00DDD487 /* EditAddressViewController.h */,
				F48237311F26D60B00DDD487 /* EditAddressViewController.m */,
				F48237361F26EA1100DDD487 /* CollectViewController.h */,
				F48237371F26EA1100DDD487 /* CollectViewController.m */,
				F40430931F29D0FD00DDB2E7 /* LoginViewController.h */,
				F40430941F29D0FD00DDB2E7 /* LoginViewController.m */,
			);
			path = ViewController;
			sourceTree = "<group>";
		};
		F4A7A0C81F256D2B009FAAEE /* ViewController */ = {
			isa = PBXGroup;
			children = (
				F482373C1F2703F700DDD487 /* View */,
				F4A7A0CF1F256DB1009FAAEE /* HomePageViewController.h */,
				F4A7A0D01F256DB1009FAAEE /* HomePageViewController.m */,
			);
			path = ViewController;
			sourceTree = "<group>";
		};
		F4A7A0D81F257F14009FAAEE /* ThirdParties */ = {
			isa = PBXGroup;
			children = (
				A514B1011F2903D3006A765F /* Tabbar */,
			);
			path = ThirdParties;
			sourceTree = "<group>";
		};
		F4A7A1021F25841F009FAAEE /* View */ = {
			isa = PBXGroup;
			children = (
				F4A7A1031F258449009FAAEE /* PersonalTabelViewCell.h */,
				F4A7A1041F258449009FAAEE /* PersonalTabelViewCell.m */,
				F4A7A1061F2588BF009FAAEE /* PersonalHeaderView.h */,
				F4A7A1071F2588BF009FAAEE /* PersonalHeaderView.m */,
				F4A7A2571F25C3D0009FAAEE /* UserDataTableViewCell.h */,
				F4A7A2581F25C3D0009FAAEE /* UserDataTableViewCell.m */,
				F48237291F2606BC00DDD487 /* AddressTableViewCell.h */,
				F482372A1F2606BC00DDD487 /* AddressTableViewCell.m */,
				F48237391F26EC3100DDD487 /* CollectTableViewCell.h */,
				F482373A1F26EC3100DDD487 /* CollectTableViewCell.m */,
			);
			path = View;
			sourceTree = "<group>";
		};
		F4A7A1091F2592E1009FAAEE /* Images */ = {
			isa = PBXGroup;
			children = (
				F40430821F29790A00DDB2E7 /* main_my_bg.jpeg */,
				F481E90E1F283A5F00EE3D7C /* Shopping */,
				F48237431F27106300DDD487 /* HomePageImages */,
				F4A7A25A1F25CF3B009FAAEE /* Commom */,
				F4A7A1261F25A3A5009FAAEE /* TabbarImages */,
				F4A7A10A1F25932A009FAAEE /* PersonalImages */,
			);
			path = Images;
			sourceTree = "<group>";
		};
		F4A7A10A1F25932A009FAAEE /* PersonalImages */ = {
			isa = PBXGroup;
			children = (
				F481E90A1F282D1E00EE3D7C /* personal_address_selected.png */,
				F481E90B1F282D1E00EE3D7C /* personal_address_unselect.png */,
				F482372C1F26CC4D00DDD487 /* personal_address_delete.png */,
				F482372D1F26CC4D00DDD487 /* personal_address_edit.png */,
				F4A7A11D1F2594D1009FAAEE /* personal_arrow.png */,
				F4A7A10D1F259445009FAAEE /* personal_about.png */,
				F4A7A10E1F259445009FAAEE /* personal_address.png */,
				F4A7A10F1F259445009FAAEE /* personal_celercacher.png */,
				F4A7A1101F259445009FAAEE /* personal_header_image.jpg */,
				F4A7A1111F259445009FAAEE /* personal_order.png */,
				F4A7A1121F259445009FAAEE /* personal_shareapp.png */,
				F4A7A1131F259445009FAAEE /* personal_shoucang.png */,
				F4A7A1141F259445009FAAEE /* personal_update.png */,
			);
			path = PersonalImages;
			sourceTree = "<group>";
		};
		F4A7A11F1F2595E5009FAAEE /* Common */ = {
			isa = PBXGroup;
			children = (
				F4A7A1201F2595FF009FAAEE /* EntrySection.h */,
				F4A7A1211F2595FF009FAAEE /* EntrySection.m */,
				F4A7A1231F259629009FAAEE /* EntryItem.h */,
				F4A7A1241F259629009FAAEE /* EntryItem.m */,
				F4A7A1371F25A779009FAAEE /* AvatarView.h */,
				F4A7A1381F25A779009FAAEE /* AvatarView.m */,
				F4A7A2541F25BC22009FAAEE /* NavigationBar.h */,
				F4A7A2551F25BC22009FAAEE /* NavigationBar.m */,
				F48185221F25E25800349143 /* CustomActionSheet.h */,
				F48185231F25E25800349143 /* CustomActionSheet.m */,
				F481E9591F28581600EE3D7C /* DatePickerView.h */,
				F481E95A1F28581600EE3D7C /* DatePickerView.m */,
				F481E95C1F2865C900EE3D7C /* SexPickerView.h */,
				F481E95D1F2865C900EE3D7C /* SexPickerView.m */,
			);
			path = Common;
			sourceTree = "<group>";
		};
		F4A7A1261F25A3A5009FAAEE /* TabbarImages */ = {
			isa = PBXGroup;
			children = (
				F4A7A13C1F25AAE4009FAAEE /* tabbar_shopping_black.png */,
				F4A7A1271F25A3A5009FAAEE /* tabbar_homepage_black.png */,
				F4A7A1281F25A3A5009FAAEE /* tabbar_homepage_red.png */,
				F4A7A1291F25A3A5009FAAEE /* tabbar_personal_black.png */,
				F4A7A12A1F25A3A5009FAAEE /* tabbar_personal_red.png */,
				F4A7A12C1F25A3A5009FAAEE /* tabbar_shopping_red.png */,
				F4A7A12D1F25A3A5009FAAEE /* tabbar_store_black.png */,
				F4A7A12E1F25A3A5009FAAEE /* tabbar_store_red.png */,
			);
			path = TabbarImages;
			sourceTree = "<group>";
		};
		F4A7A25A1F25CF3B009FAAEE /* Commom */ = {
			isa = PBXGroup;
			children = (
				F4A7A25D1F25D192009FAAEE /* common_back.png */,
			);
			path = Commom;
			sourceTree = "<group>";
		};
/* End PBXGroup section */

/* Begin PBXNativeTarget section */
		F4A7A08A1F256B96009FAAEE /* Photo */ = {
			isa = PBXNativeTarget;
			buildConfigurationList = F4A7A0B81F256B96009FAAEE /* Build configuration list for PBXNativeTarget "Photo" */;
			buildPhases = (
				49A207CDF14BA1F188FA0574 /* [CP] Check Pods Manifest.lock */,
				F4A7A0871F256B96009FAAEE /* Sources */,
				F4A7A0881F256B96009FAAEE /* Frameworks */,
				F4A7A0891F256B96009FAAEE /* Resources */,
				F3A7F405CA373BD1292A5B72 /* [CP] Embed Pods Frameworks */,
				2B518331A72022C7FD0C826C /* [CP] Copy Pods Resources */,
			);
			buildRules = (
			);
			dependencies = (
			);
			name = Photo;
			productName = Photo;
			productReference = F4A7A08B1F256B96009FAAEE /* Photo.app */;
			productType = "com.apple.product-type.application";
		};
		F4A7A0A31F256B96009FAAEE /* PhotoTests */ = {
			isa = PBXNativeTarget;
			buildConfigurationList = F4A7A0BB1F256B96009FAAEE /* Build configuration list for PBXNativeTarget "PhotoTests" */;
			buildPhases = (
				F4A7A0A01F256B96009FAAEE /* Sources */,
				F4A7A0A11F256B96009FAAEE /* Frameworks */,
				F4A7A0A21F256B96009FAAEE /* Resources */,
			);
			buildRules = (
			);
			dependencies = (
				F4A7A0A61F256B96009FAAEE /* PBXTargetDependency */,
			);
			name = PhotoTests;
			productName = PhotoTests;
			productReference = F4A7A0A41F256B96009FAAEE /* PhotoTests.xctest */;
			productType = "com.apple.product-type.bundle.unit-test";
		};
		F4A7A0AE1F256B96009FAAEE /* PhotoUITests */ = {
			isa = PBXNativeTarget;
			buildConfigurationList = F4A7A0BE1F256B96009FAAEE /* Build configuration list for PBXNativeTarget "PhotoUITests" */;
			buildPhases = (
				F4A7A0AB1F256B96009FAAEE /* Sources */,
				F4A7A0AC1F256B96009FAAEE /* Frameworks */,
				F4A7A0AD1F256B96009FAAEE /* Resources */,
			);
			buildRules = (
			);
			dependencies = (
				F4A7A0B11F256B96009FAAEE /* PBXTargetDependency */,
			);
			name = PhotoUITests;
			productName = PhotoUITests;
			productReference = F4A7A0AF1F256B96009FAAEE /* PhotoUITests.xctest */;
			productType = "com.apple.product-type.bundle.ui-testing";
		};
/* End PBXNativeTarget section */

/* Begin PBXProject section */
		F4A7A0831F256B96009FAAEE /* Project object */ = {
			isa = PBXProject;
			attributes = {
				LastUpgradeCheck = 0830;
				ORGANIZATIONNAME = "malin ";
				TargetAttributes = {
					F4A7A08A1F256B96009FAAEE = {
						CreatedOnToolsVersion = 8.3.3;
						DevelopmentTeam = NVRZ8WK38H;
						ProvisioningStyle = Automatic;
					};
					F4A7A0A31F256B96009FAAEE = {
						CreatedOnToolsVersion = 8.3.3;
						ProvisioningStyle = Automatic;
						TestTargetID = F4A7A08A1F256B96009FAAEE;
					};
					F4A7A0AE1F256B96009FAAEE = {
						CreatedOnToolsVersion = 8.3.3;
						ProvisioningStyle = Automatic;
						TestTargetID = F4A7A08A1F256B96009FAAEE;
					};
				};
			};
			buildConfigurationList = F4A7A0861F256B96009FAAEE /* Build configuration list for PBXProject "Photo" */;
			compatibilityVersion = "Xcode 3.2";
			developmentRegion = English;
			hasScannedForEncodings = 0;
			knownRegions = (
				en,
				Base,
			);
			mainGroup = F4A7A0821F256B96009FAAEE;
			productRefGroup = F4A7A08C1F256B96009FAAEE /* Products */;
			projectDirPath = "";
			projectRoot = "";
			targets = (
				F4A7A08A1F256B96009FAAEE /* Photo */,
				F4A7A0A31F256B96009FAAEE /* PhotoTests */,
				F4A7A0AE1F256B96009FAAEE /* PhotoUITests */,
			);
		};
/* End PBXProject section */

/* Begin PBXResourcesBuildPhase section */
		F4A7A0891F256B96009FAAEE /* Resources */ = {
			isa = PBXResourcesBuildPhase;
			buildActionMask = 2147483647;
			files = (
				F4A7A09E1F256B96009FAAEE /* LaunchScreen.storyboard in Resources */,
				F4A7A12F1F25A3A5009FAAEE /* tabbar_homepage_black.png in Resources */,
				F4A7A1151F259445009FAAEE /* personal_about.png in Resources */,
				F4A7A09B1F256B96009FAAEE /* Assets.xcassets in Resources */,
				F4A7A1321F25A3A5009FAAEE /* tabbar_personal_red.png in Resources */,
				F481E9101F283A5F00EE3D7C /* shopping_select.png in Resources */,
				F481E90D1F282D1E00EE3D7C /* personal_address_unselect.png in Resources */,
				F4A7A1191F259445009FAAEE /* personal_order.png in Resources */,
				F4A7A1171F259445009FAAEE /* personal_celercacher.png in Resources */,
				F4A7A11E1F2594D1009FAAEE /* personal_arrow.png in Resources */,
				F4A7A1311F25A3A5009FAAEE /* tabbar_personal_black.png in Resources */,
				F4A7A25E1F25D192009FAAEE /* common_back.png in Resources */,
				F48237511F27106300DDD487 /* homepage_more.png in Resources */,
				F482372F1F26CC4D00DDD487 /* personal_address_edit.png in Resources */,
				F4A7A1351F25A3A5009FAAEE /* tabbar_store_black.png in Resources */,
				F481E9141F283DD600EE3D7C /* shopping_delete.png in Resources */,
				F4A7A11B1F259445009FAAEE /* personal_shoucang.png in Resources */,
				F48237531F27106300DDD487 /* homepage_wedding.png in Resources */,
				F4A7A1341F25A3A5009FAAEE /* tabbar_shopping_red.png in Resources */,
				F4A7A11A1F259445009FAAEE /* personal_shareapp.png in Resources */,
				F4A7A1301F25A3A5009FAAEE /* tabbar_homepage_red.png in Resources */,
				F48237501F27106300DDD487 /* homepage_hotel.png in Resources */,
				F482374D1F27106300DDD487 /* homepage_car.png in Resources */,
				F4A7A1361F25A3A5009FAAEE /* tabbar_store_red.png in Resources */,
				F482374C1F27106300DDD487 /* homepage_camera.png in Resources */,
				F481E90C1F282D1E00EE3D7C /* personal_address_selected.png in Resources */,
				F4A7A11C1F259445009FAAEE /* personal_update.png in Resources */,
				F40430831F29790A00DDB2E7 /* main_my_bg.jpeg in Resources */,
				F4A7A1161F259445009FAAEE /* personal_address.png in Resources */,
				F481E9121F283B0400EE3D7C /* shopping_selected.png in Resources */,
				F482374F1F27106300DDD487 /* homepage_flower.png in Resources */,
				F482372E1F26CC4D00DDD487 /* personal_address_delete.png in Resources */,
				F4A7A13D1F25AAE4009FAAEE /* tabbar_shopping_black.png in Resources */,
				F482374E1F27106300DDD487 /* homepage_cloth.png in Resources */,
				F48237521F27106300DDD487 /* homepage_video.png in Resources */,
				F4A7A1181F259445009FAAEE /* personal_header_image.jpg in Resources */,
				F4A7A0991F256B96009FAAEE /* Main.storyboard in Resources */,
			);
			runOnlyForDeploymentPostprocessing = 0;
		};
		F4A7A0A21F256B96009FAAEE /* Resources */ = {
			isa = PBXResourcesBuildPhase;
			buildActionMask = 2147483647;
			files = (
			);
			runOnlyForDeploymentPostprocessing = 0;
		};
		F4A7A0AD1F256B96009FAAEE /* Resources */ = {
			isa = PBXResourcesBuildPhase;
			buildActionMask = 2147483647;
			files = (
			);
			runOnlyForDeploymentPostprocessing = 0;
		};
/* End PBXResourcesBuildPhase section */

/* Begin PBXShellScriptBuildPhase section */
		2B518331A72022C7FD0C826C /* [CP] Copy Pods Resources */ = {
			isa = PBXShellScriptBuildPhase;
			buildActionMask = 2147483647;
			files = (
			);
			inputPaths = (
			);
			name = "[CP] Copy Pods Resources";
			outputPaths = (
			);
			runOnlyForDeploymentPostprocessing = 0;
			shellPath = /bin/sh;
			shellScript = "\"${SRCROOT}/Pods/Target Support Files/Pods-Photo/Pods-Photo-resources.sh\"\n";
			showEnvVarsInLog = 0;
		};
		49A207CDF14BA1F188FA0574 /* [CP] Check Pods Manifest.lock */ = {
			isa = PBXShellScriptBuildPhase;
			buildActionMask = 2147483647;
			files = (
			);
			inputPaths = (
			);
			name = "[CP] Check Pods Manifest.lock";
			outputPaths = (
			);
			runOnlyForDeploymentPostprocessing = 0;
			shellPath = /bin/sh;
			shellScript = "diff \"${PODS_PODFILE_DIR_PATH}/Podfile.lock\" \"${PODS_ROOT}/Manifest.lock\" > /dev/null\nif [ $? != 0 ] ; then\n    # print error to STDERR\n    echo \"error: The sandbox is not in sync with the Podfile.lock. Run 'pod install' or update your CocoaPods installation.\" >&2\n    exit 1\nfi\n";
			showEnvVarsInLog = 0;
		};
		F3A7F405CA373BD1292A5B72 /* [CP] Embed Pods Frameworks */ = {
			isa = PBXShellScriptBuildPhase;
			buildActionMask = 2147483647;
			files = (
			);
			inputPaths = (
			);
			name = "[CP] Embed Pods Frameworks";
			outputPaths = (
			);
			runOnlyForDeploymentPostprocessing = 0;
			shellPath = /bin/sh;
			shellScript = "\"${SRCROOT}/Pods/Target Support Files/Pods-Photo/Pods-Photo-frameworks.sh\"\n";
			showEnvVarsInLog = 0;
		};
/* End PBXShellScriptBuildPhase section */

/* Begin PBXSourcesBuildPhase section */
		F4A7A0871F256B96009FAAEE /* Sources */ = {
			isa = PBXSourcesBuildPhase;
			buildActionMask = 2147483647;
			files = (
				F482373B1F26EC3100DDD487 /* CollectTableViewCell.m in Sources */,
				F48237321F26D60B00DDD487 /* EditAddressViewController.m in Sources */,
				F404308F1F29C6C800DDB2E7 /* UserNameViewController.m in Sources */,
				F40430891F29BC4300DDB2E7 /* PhoneNumberViewController.m in Sources */,
				F4A7A1391F25A779009FAAEE /* AvatarView.m in Sources */,
				F4A7A1401F25B74D009FAAEE /* UserDataViewController.m in Sources */,
				F481E95E1F2865C900EE3D7C /* SexPickerView.m in Sources */,
				F4A7A1051F258449009FAAEE /* PersonalTabelViewCell.m in Sources */,
				F4A7A1081F2588BF009FAAEE /* PersonalHeaderView.m in Sources */,
				F4A7A0CE1F256D8B009FAAEE /* ShoppingViewController.m in Sources */,
				F4A7A2561F25BC22009FAAEE /* NavigationBar.m in Sources */,
				F481E95B1F28581600EE3D7C /* DatePickerView.m in Sources */,
				F48185241F25E25800349143 /* CustomActionSheet.m in Sources */,
				F4A7A0D71F2574A1009FAAEE /* PersonalViewController.m in Sources */,
				F4A7A1221F2595FF009FAAEE /* EntrySection.m in Sources */,
				F4A7A1251F259629009FAAEE /* EntryItem.m in Sources */,
				F4A7A0961F256B96009FAAEE /* ViewController.m in Sources */,
				F48237381F26EA1100DDD487 /* CollectViewController.m in Sources */,
				A514B0F21F2901A1006A765F /* LeadViewController.m in Sources */,
				F40430951F29D0FD00DDB2E7 /* LoginViewController.m in Sources */,
				A514B10E1F290533006A765F /* FitManage.m in Sources */,
				F48237421F27078200DDD487 /* HomePageButtonView.m in Sources */,
				F481E9581F28551C00EE3D7C /* BaseViewController.m in Sources */,
				A514B1111F290533006A765F /* UIColor+EX.m in Sources */,
				F482373F1F27041300DDD487 /* HomePageScrollView.m in Sources */,
				F404308C1F29C52F00DDB2E7 /* NickNameViewController.m in Sources */,
				F482375D1F27395100DDD487 /* ShoppingBottomView.m in Sources */,
				F482372B1F2606BC00DDD487 /* AddressTableViewCell.m in Sources */,
				F4A7A2591F25C3D0009FAAEE /* UserDataTableViewCell.m in Sources */,
				F482375A1F2725AA00DDD487 /* ShoppingTableViewCell.m in Sources */,
				F48237281F2605A200DDD487 /* AddressViewController.m in Sources */,
				F40430861F29869D00DDB2E7 /* AddAddressViewController.m in Sources */,
				F4A7A0D11F256DB1009FAAEE /* HomePageViewController.m in Sources */,
				F48185211F25D9E200349143 /* OrderManageViewController.m in Sources */,
				A514B1101F290533006A765F /* SvUDIDTools.m in Sources */,
				F4A7A0931F256B96009FAAEE /* AppDelegate.m in Sources */,
				A514B1041F2903D3006A765F /* TabbarViewController.m in Sources */,
				F4A7A0D41F256DC3009FAAEE /* StoreViewController.m in Sources */,
				A514B10F1F290533006A765F /* NSString+Category.m in Sources */,
				F4A7A0901F256B96009FAAEE /* main.m in Sources */,
				F48237561F27179700DDD487 /* HomePageTableViewCell.m in Sources */,
			);
			runOnlyForDeploymentPostprocessing = 0;
		};
		F4A7A0A01F256B96009FAAEE /* Sources */ = {
			isa = PBXSourcesBuildPhase;
			buildActionMask = 2147483647;
			files = (
				F4A7A0A91F256B96009FAAEE /* PhotoTests.m in Sources */,
			);
			runOnlyForDeploymentPostprocessing = 0;
		};
		F4A7A0AB1F256B96009FAAEE /* Sources */ = {
			isa = PBXSourcesBuildPhase;
			buildActionMask = 2147483647;
			files = (
				F4A7A0B41F256B96009FAAEE /* PhotoUITests.m in Sources */,
			);
			runOnlyForDeploymentPostprocessing = 0;
		};
/* End PBXSourcesBuildPhase section */

/* Begin PBXTargetDependency section */
		F4A7A0A61F256B96009FAAEE /* PBXTargetDependency */ = {
			isa = PBXTargetDependency;
			target = F4A7A08A1F256B96009FAAEE /* Photo */;
			targetProxy = F4A7A0A51F256B96009FAAEE /* PBXContainerItemProxy */;
		};
		F4A7A0B11F256B96009FAAEE /* PBXTargetDependency */ = {
			isa = PBXTargetDependency;
			target = F4A7A08A1F256B96009FAAEE /* Photo */;
			targetProxy = F4A7A0B01F256B96009FAAEE /* PBXContainerItemProxy */;
		};
/* End PBXTargetDependency section */

/* Begin PBXVariantGroup section */
		F4A7A0971F256B96009FAAEE /* Main.storyboard */ = {
			isa = PBXVariantGroup;
			children = (
				F4A7A0981F256B96009FAAEE /* Base */,
			);
			name = Main.storyboard;
			sourceTree = "<group>";
		};
		F4A7A09C1F256B96009FAAEE /* LaunchScreen.storyboard */ = {
			isa = PBXVariantGroup;
			children = (
				F4A7A09D1F256B96009FAAEE /* Base */,
			);
			name = LaunchScreen.storyboard;
			sourceTree = "<group>";
		};
/* End PBXVariantGroup section */

/* Begin XCBuildConfiguration section */
		F4A7A0B61F256B96009FAAEE /* Debug */ = {
			isa = XCBuildConfiguration;
			buildSettings = {
				ALWAYS_SEARCH_USER_PATHS = NO;
				CLANG_ANALYZER_NONNULL = YES;
				CLANG_ANALYZER_NUMBER_OBJECT_CONVERSION = YES_AGGRESSIVE;
				CLANG_CXX_LANGUAGE_STANDARD = "gnu++0x";
				CLANG_CXX_LIBRARY = "libc++";
				CLANG_ENABLE_MODULES = YES;
				CLANG_ENABLE_OBJC_ARC = YES;
				CLANG_WARN_BOOL_CONVERSION = YES;
				CLANG_WARN_CONSTANT_CONVERSION = YES;
				CLANG_WARN_DIRECT_OBJC_ISA_USAGE = YES_ERROR;
				CLANG_WARN_DOCUMENTATION_COMMENTS = YES;
				CLANG_WARN_EMPTY_BODY = YES;
				CLANG_WARN_ENUM_CONVERSION = YES;
				CLANG_WARN_INFINITE_RECURSION = YES;
				CLANG_WARN_INT_CONVERSION = YES;
				CLANG_WARN_OBJC_ROOT_CLASS = YES_ERROR;
				CLANG_WARN_SUSPICIOUS_MOVE = YES;
				CLANG_WARN_UNREACHABLE_CODE = YES;
				CLANG_WARN__DUPLICATE_METHOD_MATCH = YES;
				"CODE_SIGN_IDENTITY[sdk=iphoneos*]" = "iPhone Developer";
				COPY_PHASE_STRIP = NO;
				DEBUG_INFORMATION_FORMAT = dwarf;
				ENABLE_STRICT_OBJC_MSGSEND = YES;
				ENABLE_TESTABILITY = YES;
				GCC_C_LANGUAGE_STANDARD = gnu99;
				GCC_DYNAMIC_NO_PIC = NO;
				GCC_NO_COMMON_BLOCKS = YES;
				GCC_OPTIMIZATION_LEVEL = 0;
				GCC_PREPROCESSOR_DEFINITIONS = (
					"DEBUG=1",
					"$(inherited)",
				);
				GCC_WARN_64_TO_32_BIT_CONVERSION = YES;
				GCC_WARN_ABOUT_RETURN_TYPE = YES_ERROR;
				GCC_WARN_UNDECLARED_SELECTOR = YES;
				GCC_WARN_UNINITIALIZED_AUTOS = YES_AGGRESSIVE;
				GCC_WARN_UNUSED_FUNCTION = YES;
				GCC_WARN_UNUSED_VARIABLE = YES;
				IPHONEOS_DEPLOYMENT_TARGET = 10.3;
				MTL_ENABLE_DEBUG_INFO = YES;
				ONLY_ACTIVE_ARCH = YES;
				SDKROOT = iphoneos;
				TARGETED_DEVICE_FAMILY = "1,2";
			};
			name = Debug;
		};
		F4A7A0B71F256B96009FAAEE /* Release */ = {
			isa = XCBuildConfiguration;
			buildSettings = {
				ALWAYS_SEARCH_USER_PATHS = NO;
				CLANG_ANALYZER_NONNULL = YES;
				CLANG_ANALYZER_NUMBER_OBJECT_CONVERSION = YES_AGGRESSIVE;
				CLANG_CXX_LANGUAGE_STANDARD = "gnu++0x";
				CLANG_CXX_LIBRARY = "libc++";
				CLANG_ENABLE_MODULES = YES;
				CLANG_ENABLE_OBJC_ARC = YES;
				CLANG_WARN_BOOL_CONVERSION = YES;
				CLANG_WARN_CONSTANT_CONVERSION = YES;
				CLANG_WARN_DIRECT_OBJC_ISA_USAGE = YES_ERROR;
				CLANG_WARN_DOCUMENTATION_COMMENTS = YES;
				CLANG_WARN_EMPTY_BODY = YES;
				CLANG_WARN_ENUM_CONVERSION = YES;
				CLANG_WARN_INFINITE_RECURSION = YES;
				CLANG_WARN_INT_CONVERSION = YES;
				CLANG_WARN_OBJC_ROOT_CLASS = YES_ERROR;
				CLANG_WARN_SUSPICIOUS_MOVE = YES;
				CLANG_WARN_UNREACHABLE_CODE = YES;
				CLANG_WARN__DUPLICATE_METHOD_MATCH = YES;
				"CODE_SIGN_IDENTITY[sdk=iphoneos*]" = "iPhone Developer";
				COPY_PHASE_STRIP = NO;
				DEBUG_INFORMATION_FORMAT = "dwarf-with-dsym";
				ENABLE_NS_ASSERTIONS = NO;
				ENABLE_STRICT_OBJC_MSGSEND = YES;
				GCC_C_LANGUAGE_STANDARD = gnu99;
				GCC_NO_COMMON_BLOCKS = YES;
				GCC_WARN_64_TO_32_BIT_CONVERSION = YES;
				GCC_WARN_ABOUT_RETURN_TYPE = YES_ERROR;
				GCC_WARN_UNDECLARED_SELECTOR = YES;
				GCC_WARN_UNINITIALIZED_AUTOS = YES_AGGRESSIVE;
				GCC_WARN_UNUSED_FUNCTION = YES;
				GCC_WARN_UNUSED_VARIABLE = YES;
				IPHONEOS_DEPLOYMENT_TARGET = 10.3;
				MTL_ENABLE_DEBUG_INFO = NO;
				SDKROOT = iphoneos;
				TARGETED_DEVICE_FAMILY = "1,2";
				VALIDATE_PRODUCT = YES;
			};
			name = Release;
		};
		F4A7A0B91F256B96009FAAEE /* Debug */ = {
			isa = XCBuildConfiguration;
			baseConfigurationReference = 1974EED19EF6BC33D1481465 /* Pods-Photo.debug.xcconfig */;
			buildSettings = {
				ASSETCATALOG_COMPILER_APPICON_NAME = AppIcon;
				DEVELOPMENT_TEAM = NVRZ8WK38H;
				FRAMEWORK_SEARCH_PATHS = (
					"$(inherited)",
					"$(PROJECT_DIR)/Photo/OpenAPI/SDK/Tencent",
					"$(PROJECT_DIR)/Photo/Others/OpenAPI/SDK/Tencent",
				);
				GCC_PREFIX_HEADER = /Users/malin/Desktop/Photo/Photo/hong.pch;
				INFOPLIST_FILE = Photo/Info.plist;
				IPHONEOS_DEPLOYMENT_TARGET = 8.0;
				LD_RUNPATH_SEARCH_PATHS = "$(inherited) @executable_path/Frameworks";
				LIBRARY_SEARCH_PATHS = (
					"$(inherited)",
					"$(PROJECT_DIR)/Photo/OpenAPI/SDK/WeChat",
					"$(PROJECT_DIR)/Photo/OpenAPI/SDK/Weibo",
					"$(PROJECT_DIR)/Photo/Others/OpenAPI/SDK/WeChat",
					"$(PROJECT_DIR)/Photo/Others/OpenAPI/SDK/Weibo",
				);
				PRODUCT_BUNDLE_IDENTIFIER = malin.Photo;
				PRODUCT_NAME = "$(TARGET_NAME)";
				TARGETED_DEVICE_FAMILY = 1;
			};
			name = Debug;
		};
		F4A7A0BA1F256B96009FAAEE /* Release */ = {
			isa = XCBuildConfiguration;
			baseConfigurationReference = DFFD29296EE5B8D87B3DB463 /* Pods-Photo.release.xcconfig */;
			buildSettings = {
				ASSETCATALOG_COMPILER_APPICON_NAME = AppIcon;
				DEVELOPMENT_TEAM = NVRZ8WK38H;
				FRAMEWORK_SEARCH_PATHS = (
					"$(inherited)",
					"$(PROJECT_DIR)/Photo/OpenAPI/SDK/Tencent",
					"$(PROJECT_DIR)/Photo/Others/OpenAPI/SDK/Tencent",
				);
				GCC_PREFIX_HEADER = /Users/malin/Desktop/Photo/Photo/hong.pch;
				INFOPLIST_FILE = Photo/Info.plist;
				IPHONEOS_DEPLOYMENT_TARGET = 8.0;
				LD_RUNPATH_SEARCH_PATHS = "$(inherited) @executable_path/Frameworks";
				LIBRARY_SEARCH_PATHS = (
					"$(inherited)",
					"$(PROJECT_DIR)/Photo/OpenAPI/SDK/WeChat",
					"$(PROJECT_DIR)/Photo/OpenAPI/SDK/Weibo",
					"$(PROJECT_DIR)/Photo/Others/OpenAPI/SDK/WeChat",
					"$(PROJECT_DIR)/Photo/Others/OpenAPI/SDK/Weibo",
				);
				PRODUCT_BUNDLE_IDENTIFIER = malin.Photo;
				PRODUCT_NAME = "$(TARGET_NAME)";
				TARGETED_DEVICE_FAMILY = 1;
			};
			name = Release;
		};
		F4A7A0BC1F256B96009FAAEE /* Debug */ = {
			isa = XCBuildConfiguration;
			buildSettings = {
				BUNDLE_LOADER = "$(TEST_HOST)";
				INFOPLIST_FILE = PhotoTests/Info.plist;
				LD_RUNPATH_SEARCH_PATHS = "$(inherited) @executable_path/Frameworks @loader_path/Frameworks";
				PRODUCT_BUNDLE_IDENTIFIER = malin.PhotoTests;
				PRODUCT_NAME = "$(TARGET_NAME)";
				TEST_HOST = "$(BUILT_PRODUCTS_DIR)/Photo.app/Photo";
			};
			name = Debug;
		};
		F4A7A0BD1F256B96009FAAEE /* Release */ = {
			isa = XCBuildConfiguration;
			buildSettings = {
				BUNDLE_LOADER = "$(TEST_HOST)";
				INFOPLIST_FILE = PhotoTests/Info.plist;
				LD_RUNPATH_SEARCH_PATHS = "$(inherited) @executable_path/Frameworks @loader_path/Frameworks";
				PRODUCT_BUNDLE_IDENTIFIER = malin.PhotoTests;
				PRODUCT_NAME = "$(TARGET_NAME)";
				TEST_HOST = "$(BUILT_PRODUCTS_DIR)/Photo.app/Photo";
			};
			name = Release;
		};
		F4A7A0BF1F256B96009FAAEE /* Debug */ = {
			isa = XCBuildConfiguration;
			buildSettings = {
				INFOPLIST_FILE = PhotoUITests/Info.plist;
				LD_RUNPATH_SEARCH_PATHS = "$(inherited) @executable_path/Frameworks @loader_path/Frameworks";
				PRODUCT_BUNDLE_IDENTIFIER = malin.PhotoUITests;
				PRODUCT_NAME = "$(TARGET_NAME)";
				TEST_TARGET_NAME = Photo;
			};
			name = Debug;
		};
		F4A7A0C01F256B96009FAAEE /* Release */ = {
			isa = XCBuildConfiguration;
			buildSettings = {
				INFOPLIST_FILE = PhotoUITests/Info.plist;
				LD_RUNPATH_SEARCH_PATHS = "$(inherited) @executable_path/Frameworks @loader_path/Frameworks";
				PRODUCT_BUNDLE_IDENTIFIER = malin.PhotoUITests;
				PRODUCT_NAME = "$(TARGET_NAME)";
				TEST_TARGET_NAME = Photo;
			};
			name = Release;
		};
/* End XCBuildConfiguration section */

/* Begin XCConfigurationList section */
		F4A7A0861F256B96009FAAEE /* Build configuration list for PBXProject "Photo" */ = {
			isa = XCConfigurationList;
			buildConfigurations = (
				F4A7A0B61F256B96009FAAEE /* Debug */,
				F4A7A0B71F256B96009FAAEE /* Release */,
			);
			defaultConfigurationIsVisible = 0;
			defaultConfigurationName = Release;
		};
		F4A7A0B81F256B96009FAAEE /* Build configuration list for PBXNativeTarget "Photo" */ = {
			isa = XCConfigurationList;
			buildConfigurations = (
				F4A7A0B91F256B96009FAAEE /* Debug */,
				F4A7A0BA1F256B96009FAAEE /* Release */,
			);
			defaultConfigurationIsVisible = 0;
			defaultConfigurationName = Release;
		};
		F4A7A0BB1F256B96009FAAEE /* Build configuration list for PBXNativeTarget "PhotoTests" */ = {
			isa = XCConfigurationList;
			buildConfigurations = (
				F4A7A0BC1F256B96009FAAEE /* Debug */,
				F4A7A0BD1F256B96009FAAEE /* Release */,
			);
			defaultConfigurationIsVisible = 0;
			defaultConfigurationName = Release;
		};
		F4A7A0BE1F256B96009FAAEE /* Build configuration list for PBXNativeTarget "PhotoUITests" */ = {
			isa = XCConfigurationList;
			buildConfigurations = (
				F4A7A0BF1F256B96009FAAEE /* Debug */,
				F4A7A0C01F256B96009FAAEE /* Release */,
			);
			defaultConfigurationIsVisible = 0;
			defaultConfigurationName = Release;
		};
/* End XCConfigurationList section */
	};
	rootObject = F4A7A0831F256B96009FAAEE /* Project object */;
}
